
Microsoft Visual Studio Solution File, Format Version 12.00
# Visual Studio Version 17
VisualStudioVersion = 17.3.32929.385
MinimumVisualStudioVersion = 10.0.40219.1
Project("{9A19103F-16F7-4668-BE54-9A1E7A4F7556}") = "Monopoly", "Monopoly\Monopoly.csproj", "{2AC47070-3608-4744-BC92-0133E5D83079}"
EndProject
Project("{9A19103F-16F7-4668-BE54-9A1E7A4F7556}") = "MonopolyCommon", "MonopolyCommon\MonopolyCommon.csproj", "{3D25DB96-8685-40A5-A558-7F05CC196DEF}"
EndProject
Project("{9A19103F-16F7-4668-BE54-9A1E7A4F7556}") = "MonopolyEntities", "MonopolyEntities\MonopolyEntities.csproj", "{BDEF7690-44B6-4877-8D6B-DE80DDED433D}"
EndProject
Project("{9A19103F-16F7-4668-BE54-9A1E7A4F7556}") = "MonopolyServices", "MonopolyServices\MonopolyServices.csproj", "{88A2D3D9-D497-4042-965D-911C2329612A}"
EndProject
Global
	GlobalSection(SolutionConfigurationPlatforms) = preSolution
		Debug|Any CPU = Debug|Any CPU
		Release|Any CPU = Release|Any CPU
	EndGlobalSection
	GlobalSection(ProjectConfigurationPlatforms) = postSolution
		{2AC47070-3608-4744-BC92-0133E5D83079}.Debug|Any CPU.ActiveCfg = Debug|Any CPU
		{2AC47070-3608-4744-BC92-0133E5D83079}.Debug|Any CPU.Build.0 = Debug|Any CPU
		{2AC47070-3608-4744-BC92-0133E5D83079}.Release|Any CPU.ActiveCfg = Release|Any CPU
		{2AC47070-3608-4744-BC92-0133E5D83079}.Release|Any CPU.Build.0 = Release|Any CPU
		{3D25DB96-8685-40A5-A558-7F05CC196DEF}.Debug|Any CPU.ActiveCfg = Debug|Any CPU
		{3D25DB96-8685-40A5-A558-7F05CC196DEF}.Debug|Any CPU.Build.0 = Debug|Any CPU
		{3D25DB96-8685-40A5-A558-7F05CC196DEF}.Release|Any CPU.ActiveCfg = Release|Any CPU
		{3D25DB96-8685-40A5-A558-7F05CC196DEF}.Release|Any CPU.Build.0 = Release|Any CPU
		{BDEF7690-44B6-4877-8D6B-DE80DDED433D}.Debug|Any CPU.ActiveCfg = Debug|Any CPU
		{BDEF7690-44B6-4877-8D6B-DE80DDED433D}.Debug|Any CPU.Build.0 = Debug|Any CPU
		{BDEF7690-44B6-4877-8D6B-DE80DDED433D}.Release|Any CPU.ActiveCfg = Release|Any CPU
		{BDEF7690-44B6-4877-8D6B-DE80DDED433D}.Release|Any CPU.Build.0 = Release|Any CPU
		{88A2D3D9-D497-4042-965D-911C2329612A}.Debug|Any CPU.ActiveCfg = Debug|Any CPU
		{88A2D3D9-D497-4042-965D-911C2329612A}.Debug|Any CPU.Build.0 = Debug|Any CPU
		{88A2D3D9-D497-4042-965D-911C2329612A}.Release|Any CPU.ActiveCfg = Release|Any CPU
		{88A2D3D9-D497-4042-965D-911C2329612A}.Release|Any CPU.Build.0 = Release|Any CPU
	EndGlobalSection
	GlobalSection(SolutionProperties) = preSolution
		HideSolutionNode = FALSE
	EndGlobalSection
	GlobalSection(ExtensibilityGlobals) = postSolution
		SolutionGuid = {E6543DF1-DFE8-401C-B4FA-35761C85FC42}
	EndGlobalSection
EndGlobal
